// !$*UTF8*$!
{
	archiveVersion = 1;
	classes = {
	};
	objectVersion = 50;
	objects = {

/* Begin PBXBuildFile section */
		5361C8C42671208D007AF8BF /* AppDelegate.swift in Sources */ = {isa = PBXBuildFile; fileRef = 5361C8C32671208D007AF8BF /* AppDelegate.swift */; };
		5361C8C62671208D007AF8BF /* SceneDelegate.swift in Sources */ = {isa = PBXBuildFile; fileRef = 5361C8C52671208D007AF8BF /* SceneDelegate.swift */; };
		5361C8C82671208D007AF8BF /* CalculateViewController.swift in Sources */ = {isa = PBXBuildFile; fileRef = 5361C8C72671208D007AF8BF /* CalculateViewController.swift */; };
		5361C8CB2671208D007AF8BF /* Main.storyboard in Resources */ = {isa = PBXBuildFile; fileRef = 5361C8C92671208D007AF8BF /* Main.storyboard */; };
		5361C8CD2671208D007AF8BF /* Assets.xcassets in Resources */ = {isa = PBXBuildFile; fileRef = 5361C8CC2671208D007AF8BF /* Assets.xcassets */; };
		5361C8D02671208D007AF8BF /* LaunchScreen.storyboard in Resources */ = {isa = PBXBuildFile; fileRef = 5361C8CE2671208D007AF8BF /* LaunchScreen.storyboard */; };
		538B6A29267DCD2300FD4A08 /* ResultViewController.swift in Sources */ = {isa = PBXBuildFile; fileRef = 538B6A28267DCD2300FD4A08 /* ResultViewController.swift */; };
		538B6A2B267DED3700FD4A08 /* CalculatorBrain.swift in Sources */ = {isa = PBXBuildFile; fileRef = 538B6A2A267DED3700FD4A08 /* CalculatorBrain.swift */; };
		538B6A2D267E28B900FD4A08 /* BMI.swift in Sources */ = {isa = PBXBuildFile; fileRef = 538B6A2C267E28B900FD4A08 /* BMI.swift */; };
/* End PBXBuildFile section */

/* Begin PBXFileReference section */
		5361C8C02671208D007AF8BF /* BMIulator.app */ = {isa = PBXFileReference; explicitFileType = wrapper.application; includeInIndex = 0; path = BMIulator.app; sourceTree = BUILT_PRODUCTS_DIR; };
		5361C8C32671208D007AF8BF /* AppDelegate.swift */ = {isa = PBXFileReference; lastKnownFileType = sourcecode.swift; path = AppDelegate.swift; sourceTree = "<group>"; };
		5361C8C52671208D007AF8BF /* SceneDelegate.swift */ = {isa = PBXFileReference; lastKnownFileType = sourcecode.swift; path = SceneDelegate.swift; sourceTree = "<group>"; };
		5361C8C72671208D007AF8BF /* CalculateViewController.swift */ = {isa = PBXFileReference; lastKnownFileType = sourcecode.swift; path = CalculateViewController.swift; sourceTree = "<group>"; };
		5361C8CA2671208D007AF8BF /* Base */ = {isa = PBXFileReference; lastKnownFileType = file.storyboard; name = Base; path = Base.lproj/Main.storyboard; sourceTree = "<group>"; };
		5361C8CC2671208D007AF8BF /* Assets.xcassets */ = {isa = PBXFileReference; lastKnownFileType = folder.assetcatalog; path = Assets.xcassets; sourceTree = "<group>"; };
		5361C8CF2671208D007AF8BF /* Base */ = {isa = PBXFileReference; lastKnownFileType = file.storyboard; name = Base; path = Base.lproj/LaunchScreen.storyboard; sourceTree = "<group>"; };
		5361C8D12671208D007AF8BF /* Info.plist */ = {isa = PBXFileReference; lastKnownFileType = text.plist.xml; path = Info.plist; sourceTree = "<group>"; };
		538B6A28267DCD2300FD4A08 /* ResultViewController.swift */ = {isa = PBXFileReference; lastKnownFileType = sourcecode.swift; path = ResultViewController.swift; sourceTree = "<group>"; };
		538B6A2A267DED3700FD4A08 /* CalculatorBrain.swift */ = {isa = PBXFileReference; lastKnownFileType = sourcecode.swift; path = CalculatorBrain.swift; sourceTree = "<group>"; };
		538B6A2C267E28B900FD4A08 /* BMI.swift */ = {isa = PBXFileReference; lastKnownFileType = sourcecode.swift; path = BMI.swift; sourceTree = "<group>"; };
/* End PBXFileReference section */

/* Begin PBXFrameworksBuildPhase section */
		5361C8BD2671208D007AF8BF /* Frameworks */ = {
			isa = PBXFrameworksBuildPhase;
			buildActionMask = 2147483647;
			files = (
			);
			runOnlyForDeploymentPostprocessing = 0;
		};
/* End PBXFrameworksBuildPhase section */

/* Begin PBXGroup section */
		5361C8B72671208D007AF8BF = {
			isa = PBXGroup;
			children = (
				5361C8C22671208D007AF8BF /* BMIulator */,
				5361C8C12671208D007AF8BF /* Products */,
			);
			sourceTree = "<group>";
		};
		5361C8C12671208D007AF8BF /* Products */ = {
			isa = PBXGroup;
			children = (
				5361C8C02671208D007AF8BF /* BMIulator.app */,
			);
			name = Products;
			sourceTree = "<group>";
		};
		5361C8C22671208D007AF8BF /* BMIulator */ = {
			isa = PBXGroup;
			children = (
				5361C8D9267120CA007AF8BF /* Models */,
				5361C8D8267120B7007AF8BF /* Controller */,
				5361C8D726712098007AF8BF /* View */,
				5361C8C32671208D007AF8BF /* AppDelegate.swift */,
				5361C8C52671208D007AF8BF /* SceneDelegate.swift */,
				5361C8CC2671208D007AF8BF /* Assets.xcassets */,
				5361C8D12671208D007AF8BF /* Info.plist */,
			);
			path = BMIulator;
			sourceTree = "<group>";
		};
		5361C8D726712098007AF8BF /* View */ = {
			isa = PBXGroup;
			children = (
				5361C8CE2671208D007AF8BF /* LaunchScreen.storyboard */,
				5361C8C92671208D007AF8BF /* Main.storyboard */,
			);
			path = View;
			sourceTree = "<group>";
		};
		5361C8D8267120B7007AF8BF /* Controller */ = {
			isa = PBXGroup;
			children = (
				5361C8C72671208D007AF8BF /* CalculateViewController.swift */,
				538B6A28267DCD2300FD4A08 /* ResultViewController.swift */,
			);
			path = Controller;
			sourceTree = "<group>";
		};
		5361C8D9267120CA007AF8BF /* Models */ = {
			isa = PBXGroup;
			children = (
				538B6A2A267DED3700FD4A08 /* CalculatorBrain.swift */,
				538B6A2C267E28B900FD4A08 /* BMI.swift */,
			);
			path = Models;
			sourceTree = "<group>";
		};
/* End PBXGroup section */

/* Begin PBXNativeTarget section */
		5361C8BF2671208D007AF8BF /* BMIulator */ = {
			isa = PBXNativeTarget;
			buildConfigurationList = 5361C8D42671208D007AF8BF /* Build configuration list for PBXNativeTarget "BMIulator" */;
			buildPhases = (
				5361C8BC2671208D007AF8BF /* Sources */,
				5361C8BD2671208D007AF8BF /* Frameworks */,
				5361C8BE2671208D007AF8BF /* Resources */,
			);
			buildRules = (
			);
			dependencies = (
			);
			name = BMIulator;
			productName = BMIulator;
			productReference = 5361C8C02671208D007AF8BF /* BMIulator.app */;
			productType = "com.apple.product-type.application";
		};
/* End PBXNativeTarget section */

/* Begin PBXProject section */
		5361C8B82671208D007AF8BF /* Project object */ = {
			isa = PBXProject;
			attributes = {
				LastSwiftUpdateCheck = 1250;
				LastUpgradeCheck = 1250;
				TargetAttributes = {
					5361C8BF2671208D007AF8BF = {
						CreatedOnToolsVersion = 12.5;
					};
				};
			};
			buildConfigurationList = 5361C8BB2671208D007AF8BF /* Build configuration list for PBXProject "BMIulator" */;
			compatibilityVersion = "Xcode 9.3";
			developmentRegion = en;
			hasScannedForEncodings = 0;
			knownRegions = (
				en,
				Base,
			);
			mainGroup = 5361C8B72671208D007AF8BF;
			productRefGroup = 5361C8C12671208D007AF8BF /* Products */;
			projectDirPath = "";
			projectRoot = "";
			targets = (
				5361C8BF2671208D007AF8BF /* BMIulator */,
			);
		};
/* End PBXProject section */

/* Begin PBXResourcesBuildPhase section */
		5361C8BE2671208D007AF8BF /* Resources */ = {
			isa = PBXResourcesBuildPhase;
			buildActionMask = 2147483647;
			files = (
				5361C8D02671208D007AF8BF /* LaunchScreen.storyboard in Resources */,
				5361C8CD2671208D007AF8BF /* Assets.xcassets in Resources */,
				5361C8CB2671208D007AF8BF /* Main.storyboard in Resources */,
			);
			runOnlyForDeploymentPostprocessing = 0;
		};
/* End PBXResourcesBuildPhase section */

/* Begin PBXSourcesBuildPhase section */
		5361C8BC2671208D007AF8BF /* Sources */ = {
			isa = PBXSourcesBuildPhase;
			buildActionMask = 2147483647;
			files = (
				5361C8C82671208D007AF8BF /* CalculateViewController.swift in Sources */,
				5361C8C42671208D007AF8BF /* AppDelegate.swift in Sources */,
				5361C8C62671208D007AF8BF /* SceneDelegate.swift in Sources */,
				538B6A2B267DED3700FD4A08 /* CalculatorBrain.swift in Sources */,
				538B6A2D267E28B900FD4A08 /* BMI.swift in Sources */,
				538B6A29267DCD2300FD4A08 /* ResultViewController.swift in Sources */,
			);
			runOnlyForDeploymentPostprocessing = 0;
		};
/* End PBXSourcesBuildPhase section */

/* Begin PBXVariantGroup section */
		5361C8C92671208D007AF8BF /* Main.storyboard */ = {
			isa = PBXVariantGroup;
			children = (
				5361C8CA2671208D007AF8BF /* Base */,
			);
			name = Main.storyboard;
			sourceTree = "<group>";
		};
		5361C8CE2671208D007AF8BF /* LaunchScreen.storyboard */ = {
			isa = PBXVariantGroup;
			children = (
				5361C8CF2671208D007AF8BF /* Base */,
			);
			name = LaunchScreen.storyboard;
			sourceTree = "<group>";
		};
/* End PBXVariantGroup section */

/* Begin XCBuildConfiguration section */
		5361C8D22671208D007AF8BF /* Debug */ = {
			isa = XCBuildConfiguration;
			buildSettings = {
				ALWAYS_SEARCH_USER_PATHS = NO;
				CLANG_ANALYZER_NONNULL = YES;
				CLANG_ANALYZER_NUMBER_OBJECT_CONVERSION = YES_AGGRESSIVE;
				CLANG_CXX_LANGUAGE_STANDARD = "gnu++14";
				CLANG_CXX_LIBRARY = "libc++";
				CLANG_ENABLE_MODULES = YES;
				CLANG_ENABLE_OBJC_ARC = YES;
				CLANG_ENABLE_OBJC_WEAK = YES;
				CLANG_WARN_BLOCK_CAPTURE_AUTORELEASING = YES;
				CLANG_WARN_BOOL_CONVERSION = YES;
				CLANG_WARN_COMMA = YES;
				CLANG_WARN_CONSTANT_CONVERSION = YES;
				CLANG_WARN_DEPRECATED_OBJC_IMPLEMENTATIONS = YES;
				CLANG_WARN_DIRECT_OBJC_ISA_USAGE = YES_ERROR;
				CLANG_WARN_DOCUMENTATION_COMMENTS = YES;
				CLANG_WARN_EMPTY_BODY = YES;
				CLANG_WARN_ENUM_CONVERSION = YES;
				CLANG_WARN_INFINITE_RECURSION = YES;
				CLANG_WARN_INT_CONVERSION = YES;
				CLANG_WARN_NON_LITERAL_NULL_CONVERSION = YES;
				CLANG_WARN_OBJC_IMPLICIT_RETAIN_SELF = YES;
				CLANG_WARN_OBJC_LITERAL_CONVERSION = YES;
				CLANG_WARN_OBJC_ROOT_CLASS = YES_ERROR;
				CLANG_WARN_QUOTED_INCLUDE_IN_FRAMEWORK_HEADER = YES;
				CLANG_WARN_RANGE_LOOP_ANALYSIS = YES;
				CLANG_WARN_STRICT_PROTOTYPES = YES;
				CLANG_WARN_SUSPICIOUS_MOVE = YES;
				CLANG_WARN_UNGUARDED_AVAILABILITY = YES_AGGRESSIVE;
				CLANG_WARN_UNREACHABLE_CODE = YES;
				CLANG_WARN__DUPLICATE_METHOD_MATCH = YES;
				COPY_PHASE_STRIP = NO;
				DEBUG_INFORMATION_FORMAT = dwarf;
				ENABLE_STRICT_OBJC_MSGSEND = YES;
				ENABLE_TESTABILITY = YES;
				GCC_C_LANGUAGE_STANDARD = gnu11;
				GCC_DYNAMIC_NO_PIC = NO;
				GCC_NO_COMMON_BLOCKS = YES;
				GCC_OPTIMIZATION_LEVEL = 0;
				GCC_PREPROCESSOR_DEFINITIONS = (
					"DEBUG=1",
					"$(inherited)",
				);
				GCC_WARN_64_TO_32_BIT_CONVERSION = YES;
				GCC_WARN_ABOUT_RETURN_TYPE = YES_ERROR;
				GCC_WARN_UNDECLARED_SELECTOR = YES;
				GCC_WARN_UNINITIALIZED_AUTOS = YES_AGGRESSIVE;
				GCC_WARN_UNUSED_FUNCTION = YES;
				GCC_WARN_UNUSED_VARIABLE = YES;
				IPHONEOS_DEPLOYMENT_TARGET = 14.5;
				MTL_ENABLE_DEBUG_INFO = INCLUDE_SOURCE;
				MTL_FAST_MATH = YES;
				ONLY_ACTIVE_ARCH = YES;
				SDKROOT = iphoneos;
				SWIFT_ACTIVE_COMPILATION_CONDITIONS = DEBUG;
				SWIFT_OPTIMIZATION_LEVEL = "-Onone";
			};
			name = Debug;
		};
		5361C8D32671208D007AF8BF /* Release */ = {
			isa = XCBuildConfiguration;
			buildSettings = {
				ALWAYS_SEARCH_USER_PATHS = NO;
				CLANG_ANALYZER_NONNULL = YES;
				CLANG_ANALYZER_NUMBER_OBJECT_CONVERSION = YES_AGGRESSIVE;
				CLANG_CXX_LANGUAGE_STANDARD = "gnu++14";
				CLANG_CXX_LIBRARY = "libc++";
				CLANG_ENABLE_MODULES = YES;
				CLANG_ENABLE_OBJC_ARC = YES;
				CLANG_ENABLE_OBJC_WEAK = YES;
				CLANG_WARN_BLOCK_CAPTURE_AUTORELEASING = YES;
				CLANG_WARN_BOOL_CONVERSION = YES;
				CLANG_WARN_COMMA = YES;
				CLANG_WARN_CONSTANT_CONVERSION = YES;
				CLANG_WARN_DEPRECATED_OBJC_IMPLEMENTATIONS = YES;
				CLANG_WARN_DIRECT_OBJC_ISA_USAGE = YES_ERROR;
				CLANG_WARN_DOCUMENTATION_COMMENTS = YES;
				CLANG_WARN_EMPTY_BODY = YES;
				CLANG_WARN_ENUM_CONVERSION = YES;
				CLANG_WARN_INFINITE_RECURSION = YES;
				CLANG_WARN_INT_CONVERSION = YES;
				CLANG_WARN_NON_LITERAL_NULL_CONVERSION = YES;
				CLANG_WARN_OBJC_IMPLICIT_RETAIN_SELF = YES;
				CLANG_WARN_OBJC_LITERAL_CONVERSION = YES;
				CLANG_WARN_OBJC_ROOT_CLASS = YES_ERROR;
				CLANG_WARN_QUOTED_INCLUDE_IN_FRAMEWORK_HEADER = YES;
				CLANG_WARN_RANGE_LOOP_ANALYSIS = YES;
				CLANG_WARN_STRICT_PROTOTYPES = YES;
				CLANG_WARN_SUSPICIOUS_MOVE = YES;
				CLANG_WARN_UNGUARDED_AVAILABILITY = YES_AGGRESSIVE;
				CLANG_WARN_UNREACHABLE_CODE = YES;
				CLANG_WARN__DUPLICATE_METHOD_MATCH = YES;
				COPY_PHASE_STRIP = NO;
				DEBUG_INFORMATION_FORMAT = "dwarf-with-dsym";
				ENABLE_NS_ASSERTIONS = NO;
				ENABLE_STRICT_OBJC_MSGSEND = YES;
				GCC_C_LANGUAGE_STANDARD = gnu11;
				GCC_NO_COMMON_BLOCKS = YES;
				GCC_WARN_64_TO_32_BIT_CONVERSION = YES;
				GCC_WARN_ABOUT_RETURN_TYPE = YES_ERROR;
				GCC_WARN_UNDECLARED_SELECTOR = YES;
				GCC_WARN_UNINITIALIZED_AUTOS = YES_AGGRESSIVE;
				GCC_WARN_UNUSED_FUNCTION = YES;
				GCC_WARN_UNUSED_VARIABLE = YES;
				IPHONEOS_DEPLOYMENT_TARGET = 14.5;
				MTL_ENABLE_DEBUG_INFO = NO;
				MTL_FAST_MATH = YES;
				SDKROOT = iphoneos;
				SWIFT_COMPILATION_MODE = wholemodule;
				SWIFT_OPTIMIZATION_LEVEL = "-O";
				VALIDATE_PRODUCT = YES;
			};
			name = Release;
		};
		5361C8D52671208D007AF8BF /* Debug */ = {
			isa = XCBuildConfiguration;
			buildSettings = {
				ASSETCATALOG_COMPILER_APPICON_NAME = AppIcon;
				ASSETCATALOG_COMPILER_GLOBAL_ACCENT_COLOR_NAME = AccentColor;
				CODE_SIGN_STYLE = Automatic;
				DEVELOPMENT_TEAM = R436N2958G;
				INFOPLIST_FILE = BMIulator/Info.plist;
				LD_RUNPATH_SEARCH_PATHS = (
					"$(inherited)",
					"@executable_path/Frameworks",
				);
				PRODUCT_BUNDLE_IDENTIFIER = com.eimKlimas.BMIulator;
				PRODUCT_NAME = "$(TARGET_NAME)";
				SWIFT_VERSION = 5.0;
				TARGETED_DEVICE_FAMILY = 1;
			};
			name = Debug;
		};
		5361C8D62671208D007AF8BF /* Release */ = {
			isa = XCBuildConfiguration;
			buildSettings = {
				ASSETCATALOG_COMPILER_APPICON_NAME = AppIcon;
				ASSETCATALOG_COMPILER_GLOBAL_ACCENT_COLOR_NAME = AccentColor;
				CODE_SIGN_STYLE = Automatic;
				DEVELOPMENT_TEAM = R436N2958G;
				INFOPLIST_FILE = BMIulator/Info.plist;
				LD_RUNPATH_SEARCH_PATHS = (
					"$(inherited)",
					"@executable_path/Frameworks",
				);
				PRODUCT_BUNDLE_IDENTIFIER = com.eimKlimas.BMIulator;
				PRODUCT_NAME = "$(TARGET_NAME)";
				SWIFT_VERSION = 5.0;
				TARGETED_DEVICE_FAMILY = 1;
			};
			name = Release;
		};
/* End XCBuildConfiguration section */

/* Begin XCConfigurationList section */
		5361C8BB2671208D007AF8BF /* Build configuration list for PBXProject "BMIulator" */ = {
			isa = XCConfigurationList;
			buildConfigurations = (
				5361C8D22671208D007AF8BF /* Debug */,
				5361C8D32671208D007AF8BF /* Release */,
			);
			defaultConfigurationIsVisible = 0;
			defaultConfigurationName = Release;
		};
		5361C8D42671208D007AF8BF /* Build configuration list for PBXNativeTarget "BMIulator" */ = {
			isa = XCConfigurationList;
			buildConfigurations = (
				5361C8D52671208D007AF8BF /* Debug */,
				5361C8D62671208D007AF8BF /* Release */,
			);
			defaultConfigurationIsVisible = 0;
			defaultConfigurationName = Release;
		};
/* End XCConfigurationList section */
	};
	rootObject = 5361C8B82671208D007AF8BF /* Project object */;
}
